lockfile_version: '1'
generated_at: '2026-10-02T19:32:59.468029+00:00'
apm_version: 0.32.0
dependencies:
- repo_url: github/awesome-copilot
  name: awesome-copilot-agent-skills
  host: github.com
  resolved_commit: 143a3d976b3c1603cc8932984d5e1f28501cb5fc
  version: 1.0.0
  virtual_path: instructions/agent-skills.instructions.md
  is_virtual: true
  package_type: apm_package
  deployed_files:
  - .claude/rules/agent-skills.md
  deployed_file_hashes:
    .claude/rules/agent-skills.md: sha256:4b86c287c8e7c6b0ecbd66f1cd2624a801ddd00095f5820412fd7b03d7c625fb
  content_hash: sha256:65fcf88a30510d219d52aac749ab613476348a1a4584c736fbea0a909f627804
- repo_url: github/awesome-copilot
  name: awesome-copilot-agents
  host: github.com
  resolved_commit: 143a3d976b3c1603cc8932984d5e1f28501cb5fc
  version: 1.0.0
  virtual_path: instructions/agents.instructions.md
  is_virtual: true
  package_type: apm_package
  deployed_files:
  - .claude/rules/agents.md
  deployed_file_hashes:
    .claude/rules/agents.md: sha256:ad2a9b3af38acf22c25865028916ca62ba0d8f8889433fd9b4c51ae4b7b97ffd
  content_hash: sha256:d07c345b3767232098773e612b9e40a4771c4f9c572c24083fa3259e2ba303a6
- repo_url: github/awesome-copilot
  name: awesome-copilot-instructions
  host: github.com
  resolved_commit: 143a3d976b3c1603cc8932984d5e1f28501cb5fc
  version: 1.0.0
  virtual_path: instructions/instructions.instructions.md
  is_virtual: true
  package_type: apm_package
  deployed_files:
  - .claude/rules/instructions.md
  deployed_file_hashes:
    .claude/rules/instructions.md: sha256:12143206b81f13aef4efb2e26f6a65483211c63407fcafc289775866ee6879cc
  content_hash: sha256:c190999f713a13bc01b918acf454e7546a9dc9fe254e0f9d6705df3ff698c917
- repo_url: github/awesome-copilot
  name: awesome-copilot-prompt
  host: github.com
  resolved_commit: 143a3d976b3c1603cc8932984d5e1f28501cb5fc
  version: 1.0.0
  virtual_path: instructions/prompt.instructions.md
  is_virtual: true
  package_type: apm_package
  deployed_files:
  - .claude/rules/prompt.md
  deployed_file_hashes:
    .claude/rules/prompt.md: sha256:3b692cc001be6fc0d88e3d8d0e7424dcf7ad36757cc742f3c881b4db3e104be7
  content_hash: sha256:9aa049787bdcdcb6e7cc5f02daeb7c9662c6bdcec515dc9e5ff708b8c4cceaf6
deployments:
- kind: project-relative
  target: claude
  value: .claude/rules/agent-skills.md
  runtime: null
  scope: project
  owners:
  - github/awesome-copilot/instructions/agent-skills.instructions.md
  active_owner: github/awesome-copilot/instructions/agent-skills.instructions.md
  content_hash: sha256:4b86c287c8e7c6b0ecbd66f1cd2624a801ddd00095f5820412fd7b03d7c625fb
- kind: project-relative
  target: claude
  value: .claude/rules/agents.md
  runtime: null
  scope: project
  owners:
  - github/awesome-copilot/instructions/agents.instructions.md
  active_owner: github/awesome-copilot/instructions/agents.instructions.md
  content_hash: sha256:ad2a9b3af38acf22c25865028916ca62ba0d8f8889433fd9b4c51ae4b7b97ffd
- kind: project-relative
  target: claude
  value: .claude/rules/instructions.md
  runtime: null
  scope: project
  owners:
  - github/awesome-copilot/instructions/instructions.instructions.md
  active_owner: github/awesome-copilot/instructions/instructions.instructions.md
  content_hash: sha256:12143206b81f13aef4efb2e26f6a65483211c63407fcafc289775866ee6879cc
- kind: project-relative
  target: claude
  value: .claude/rules/prompt.md
  runtime: null
  scope: project
  owners:
  - github/awesome-copilot/instructions/prompt.instructions.md
  active_owner: github/awesome-copilot/instructions/prompt.instructions.md
  content_hash: sha256:3b692cc001be6fc0d88e3d8d0e7424dcf7ad36757cc742f3c881b4db3e104be7
